// !$*UTF8*$!
{
	archiveVersion = 1;
	classes = {
	};
	objectVersion = 46;
	objects = {

/* Begin PBXBuildFile section */
		954E1C731FCF62650093F68F /* ComponentsAbbreviations.plist in Resources */ = {isa = PBXBuildFile; fileRef = 954E1C021FCF62650093F68F /* ComponentsAbbreviations.plist */; };
		954E1C741FCF62650093F68F /* Colors.swift in Sources */ = {isa = PBXBuildFile; fileRef = 954E1C041FCF62650093F68F /* Colors.swift */; };
		954E1C751FCF62650093F68F /* Fonts.swift in Sources */ = {isa = PBXBuildFile; fileRef = 954E1C051FCF62650093F68F /* Fonts.swift */; };
		954E1C761FCF62650093F68F /* SideBar.plist in Resources */ = {isa = PBXBuildFile; fileRef = 954E1C071FCF62650093F68F /* SideBar.plist */; };
		954E1C771FCF62650093F68F /* TabBar.plist in Resources */ = {isa = PBXBuildFile; fileRef = 954E1C081FCF62650093F68F /* TabBar.plist */; };
		954E1C781FCF62650093F68F /* Titles.plist in Resources */ = {isa = PBXBuildFile; fileRef = 954E1C091FCF62650093F68F /* Titles.plist */; };
		954E1C791FCF62650093F68F /* ToolBarItems.plist in Resources */ = {isa = PBXBuildFile; fileRef = 954E1C0A1FCF62650093F68F /* ToolBarItems.plist */; };
		954E1C7A1FCF62650093F68F /* Local.swift in Sources */ = {isa = PBXBuildFile; fileRef = 954E1C0C1FCF62650093F68F /* Local.swift */; };
		954E1C7B1FCF62650093F68F /* Request.swift in Sources */ = {isa = PBXBuildFile; fileRef = 954E1C0D1FCF62650093F68F /* Request.swift */; };
		954E1C7C1FCF62650093F68F /* To.swift in Sources */ = {isa = PBXBuildFile; fileRef = 954E1C0E1FCF62650093F68F /* To.swift */; };
		954E1C7D1FCF62650093F68F /* BaseVC🄲.swift in Sources */ = {isa = PBXBuildFile; fileRef = 954E1C121FCF62650093F68F /* BaseVC🄲.swift */; };
		954E1C7E1FCF62650093F68F /* BaseVM🄲.swift in Sources */ = {isa = PBXBuildFile; fileRef = 954E1C131FCF62650093F68F /* BaseVM🄲.swift */; };
		954E1C7F1FCF62650093F68F /* BaseVMP🄲.swift in Sources */ = {isa = PBXBuildFile; fileRef = 954E1C141FCF62650093F68F /* BaseVMP🄲.swift */; };
		954E1C801FCF62650093F68F /* RouterVM🄲.swift in Sources */ = {isa = PBXBuildFile; fileRef = 954E1C161FCF62650093F68F /* RouterVM🄲.swift */; };
		954E1C811FCF62650093F68F /* RouterVMP🄲.swift in Sources */ = {isa = PBXBuildFile; fileRef = 954E1C171FCF62650093F68F /* RouterVMP🄲.swift */; };
		954E1C821FCF62650093F68F /* InputP🄲.swift in Sources */ = {isa = PBXBuildFile; fileRef = 954E1C191FCF62650093F68F /* InputP🄲.swift */; };
		954E1C831FCF62650093F68F /* LogicalUnit.swift in Sources */ = {isa = PBXBuildFile; fileRef = 954E1C1A1FCF62650093F68F /* LogicalUnit.swift */; };
		954E1C841FCF62650093F68F /* OutputP🄲.swift in Sources */ = {isa = PBXBuildFile; fileRef = 954E1C1B1FCF62650093F68F /* OutputP🄲.swift */; };
		954E1C851FCF62650093F68F /* FirstVC🄲.swift in Sources */ = {isa = PBXBuildFile; fileRef = 954E1C211FCF62650093F68F /* FirstVC🄲.swift */; };
		954E1C861FCF62650093F68F /* FirstVM🄲.swift in Sources */ = {isa = PBXBuildFile; fileRef = 954E1C221FCF62650093F68F /* FirstVM🄲.swift */; };
		954E1C871FCF62650093F68F /* SecondVC🄲.swift in Sources */ = {isa = PBXBuildFile; fileRef = 954E1C241FCF62650093F68F /* SecondVC🄲.swift */; };
		954E1C881FCF62650093F68F /* SecondVM🄲.swift in Sources */ = {isa = PBXBuildFile; fileRef = 954E1C251FCF62650093F68F /* SecondVM🄲.swift */; };
		954E1C891FCF62650093F68F /* ThirdVC🄲.swift in Sources */ = {isa = PBXBuildFile; fileRef = 954E1C271FCF62650093F68F /* ThirdVC🄲.swift */; };
		954E1C8A1FCF62650093F68F /* ThirdVM🄲.swift in Sources */ = {isa = PBXBuildFile; fileRef = 954E1C281FCF62650093F68F /* ThirdVM🄲.swift */; };
		954E1CA31FCF62650093F68F /* NavigationBarV.swift in Sources */ = {isa = PBXBuildFile; fileRef = 954E1C5E1FCF62650093F68F /* NavigationBarV.swift */; };
		954E1CA41FCF62650093F68F /* NavigationBarVM.swift in Sources */ = {isa = PBXBuildFile; fileRef = 954E1C5F1FCF62650093F68F /* NavigationBarVM.swift */; };
		954E1CA51FCF62650093F68F /* SideBarSVC.swift in Sources */ = {isa = PBXBuildFile; fileRef = 954E1C611FCF62650093F68F /* SideBarSVC.swift */; };
		954E1CA61FCF62650093F68F /* SideBarVM.swift in Sources */ = {isa = PBXBuildFile; fileRef = 954E1C621FCF62650093F68F /* SideBarVM.swift */; };
		954E1CA71FCF62650093F68F /* TabBarVC.swift in Sources */ = {isa = PBXBuildFile; fileRef = 954E1C641FCF62650093F68F /* TabBarVC.swift */; };
		954E1CA81FCF62650093F68F /* TabBarVM.swift in Sources */ = {isa = PBXBuildFile; fileRef = 954E1C651FCF62650093F68F /* TabBarVM.swift */; };
		954E1CA91FCF62650093F68F /* BaseCell.swift in Sources */ = {isa = PBXBuildFile; fileRef = 954E1C691FCF62650093F68F /* BaseCell.swift */; };
		954E1CAA1FCF62650093F68F /* BaseItem.swift in Sources */ = {isa = PBXBuildFile; fileRef = 954E1C6B1FCF62650093F68F /* BaseItem.swift */; };
		954E1CAB1FCF62650093F68F /* SNPKitWayP🄲.swift in Sources */ = {isa = PBXBuildFile; fileRef = 954E1C701FCF62650093F68F /* SNPKitWayP🄲.swift */; };
		954E1CAC1FCF62650093F68F /* StoryboardWayP🄲.swift in Sources */ = {isa = PBXBuildFile; fileRef = 954E1C711FCF62650093F68F /* StoryboardWayP🄲.swift */; };
		954E1CD81FCF63D20093F68F /* DBRouter.swift in Sources */ = {isa = PBXBuildFile; fileRef = 954E1CB01FCF63D20093F68F /* DBRouter.swift */; };
		954E1CD91FCF63D20093F68F /* DBRouterP🄲.swift in Sources */ = {isa = PBXBuildFile; fileRef = 954E1CB11FCF63D20093F68F /* DBRouterP🄲.swift */; };
		954E1CDA1FCF63D20093F68F /* Сleaner.swift in Sources */ = {isa = PBXBuildFile; fileRef = 954E1CB41FCF63D20093F68F /* Сleaner.swift */; };
		954E1CDB1FCF63D20093F68F /* DBRouterC🅃.swift in Sources */ = {isa = PBXBuildFile; fileRef = 954E1CB51FCF63D20093F68F /* DBRouterC🅃.swift */; };
		954E1CDC1FCF63D20093F68F /* DBRouterC🅃P🄿.swift in Sources */ = {isa = PBXBuildFile; fileRef = 954E1CB61FCF63D20093F68F /* DBRouterC🅃P🄿.swift */; };
		954E1CDD1FCF63D20093F68F /* Saver.swift in Sources */ = {isa = PBXBuildFile; fileRef = 954E1CB81FCF63D20093F68F /* Saver.swift */; };
		954E1CDE1FCF63D20093F68F /* Selectioner.swift in Sources */ = {isa = PBXBuildFile; fileRef = 954E1CBA1FCF63D20093F68F /* Selectioner.swift */; };
		954E1CDF1FCF63D20093F68F /* NETRouter.swift in Sources */ = {isa = PBXBuildFile; fileRef = 954E1CBD1FCF63D20093F68F /* NETRouter.swift */; };
		954E1CE01FCF63D20093F68F /* NETRouterP🄲.swift in Sources */ = {isa = PBXBuildFile; fileRef = 954E1CBE1FCF63D20093F68F /* NETRouterP🄲.swift */; };
		954E1CE11FCF63D20093F68F /* Creator.swift in Sources */ = {isa = PBXBuildFile; fileRef = 954E1CC11FCF63D20093F68F /* Creator.swift */; };
		954E1CE21FCF63D20093F68F /* Getter.swift in Sources */ = {isa = PBXBuildFile; fileRef = 954E1CC41FCF63D20093F68F /* Getter.swift */; };
		954E1CE31FCF63D20093F68F /* NETRouterC.swift in Sources */ = {isa = PBXBuildFile; fileRef = 954E1CC51FCF63D20093F68F /* NETRouterC.swift */; };
		954E1CE41FCF63D20093F68F /* NETRouterC🅃P🄲.swift in Sources */ = {isa = PBXBuildFile; fileRef = 954E1CC61FCF63D20093F68F /* NETRouterC🅃P🄲.swift */; };
		954E1CE51FCF63D20093F68F /* Updater.swift in Sources */ = {isa = PBXBuildFile; fileRef = 954E1CC81FCF63D20093F68F /* Updater.swift */; };
		954E1CE61FCF63D20093F68F /* RouterF🄿P🄲.swift in Sources */ = {isa = PBXBuildFile; fileRef = 954E1CC91FCF63D20093F68F /* RouterF🄿P🄲.swift */; };
		954E1CE71FCF63D20093F68F /* RoutersF🄿.swift in Sources */ = {isa = PBXBuildFile; fileRef = 954E1CCA1FCF63D20093F68F /* RoutersF🄿.swift */; };
		954E1CE81FCF63D20093F68F /* UIRouter.swift in Sources */ = {isa = PBXBuildFile; fileRef = 954E1CCD1FCF63D20093F68F /* UIRouter.swift */; };
		954E1CE91FCF63D20093F68F /* UIRouterP🄲.swift in Sources */ = {isa = PBXBuildFile; fileRef = 954E1CCE1FCF63D20093F68F /* UIRouterP🄲.swift */; };
		954E1CEA1FCF63D20093F68F /* Modaler.swift in Sources */ = {isa = PBXBuildFile; fileRef = 954E1CD11FCF63D20093F68F /* Modaler.swift */; };
		954E1CEB1FCF63D20093F68F /* Poper.swift in Sources */ = {isa = PBXBuildFile; fileRef = 954E1CD31FCF63D20093F68F /* Poper.swift */; };
		954E1CEC1FCF63D20093F68F /* Pusher.swift in Sources */ = {isa = PBXBuildFile; fileRef = 954E1CD51FCF63D20093F68F /* Pusher.swift */; };
		954E1CED1FCF63D20093F68F /* UIRouterC🅃.swift in Sources */ = {isa = PBXBuildFile; fileRef = 954E1CD61FCF63D20093F68F /* UIRouterC🅃.swift */; };
		954E1CEE1FCF63D20093F68F /* UIRouterC🅃P.swift in Sources */ = {isa = PBXBuildFile; fileRef = 954E1CD71FCF63D20093F68F /* UIRouterC🅃P.swift */; };
		9554F7551FD1F74400E996B0 /* InputData.swift in Sources */ = {isa = PBXBuildFile; fileRef = 9554F7541FD1F74400E996B0 /* InputData.swift */; };
		9554F7571FD1F79400E996B0 /* OutputData.swift in Sources */ = {isa = PBXBuildFile; fileRef = 9554F7561FD1F79400E996B0 /* OutputData.swift */; };
		9554F75B1FD1F93900E996B0 /* FirstID🄲.swift in Sources */ = {isa = PBXBuildFile; fileRef = 9554F75A1FD1F93900E996B0 /* FirstID🄲.swift */; };
		9554F75E1FD1F97D00E996B0 /* FirstOD🄲.swift in Sources */ = {isa = PBXBuildFile; fileRef = 9554F75D1FD1F97D00E996B0 /* FirstOD🄲.swift */; };
		9554F7601FD1F9D200E996B0 /* SecondID🄲.swift in Sources */ = {isa = PBXBuildFile; fileRef = 9554F75F1FD1F9D200E996B0 /* SecondID🄲.swift */; };
		9554F7621FD1F9F200E996B0 /* SecondOD🄲.swift in Sources */ = {isa = PBXBuildFile; fileRef = 9554F7611FD1F9F200E996B0 /* SecondOD🄲.swift */; };
		9554F7641FD1FA1700E996B0 /* ThirdID🄲.swift in Sources */ = {isa = PBXBuildFile; fileRef = 9554F7631FD1FA1700E996B0 /* ThirdID🄲.swift */; };
		9554F7661FD1FA3000E996B0 /* ThirdOD🄲.swift in Sources */ = {isa = PBXBuildFile; fileRef = 9554F7651FD1FA3000E996B0 /* ThirdOD🄲.swift */; };
		9554F7681FD1FE1300E996B0 /* SelectionerID🄲.swift in Sources */ = {isa = PBXBuildFile; fileRef = 9554F7671FD1FE1300E996B0 /* SelectionerID🄲.swift */; };
		9554F76A1FD1FF0300E996B0 /* SelectionerOD🄲.swift in Sources */ = {isa = PBXBuildFile; fileRef = 9554F7691FD1FF0300E996B0 /* SelectionerOD🄲.swift */; };
		9554F76C1FD205BD00E996B0 /* String+SeparatedByUpperCase.swift in Sources */ = {isa = PBXBuildFile; fileRef = 9554F76B1FD205BD00E996B0 /* String+SeparatedByUpperCase.swift */; };
		957330D01FDF0530005AD56A /* UICreateP🄲.swift in Sources */ = {isa = PBXBuildFile; fileRef = 957330CF1FDF0530005AD56A /* UICreateP🄲.swift */; };
		957330D21FDF1503005AD56A /* FirstOA🄲.swift in Sources */ = {isa = PBXBuildFile; fileRef = 957330D11FDF1503005AD56A /* FirstOA🄲.swift */; };
		957330D41FDF1515005AD56A /* FirstIA🄲.swift in Sources */ = {isa = PBXBuildFile; fileRef = 957330D31FDF1515005AD56A /* FirstIA🄲.swift */; };
		957330D71FDF15FC005AD56A /* OutputActions.swift in Sources */ = {isa = PBXBuildFile; fileRef = 957330D61FDF15FC005AD56A /* OutputActions.swift */; };
		957330D91FDF1652005AD56A /* InputActions.swift in Sources */ = {isa = PBXBuildFile; fileRef = 957330D81FDF1652005AD56A /* InputActions.swift */; };
		957330DC1FDFE075005AD56A /* PattertnsAbbreviations.plist in Resources */ = {isa = PBXBuildFile; fileRef = 957330DB1FDFE075005AD56A /* PattertnsAbbreviations.plist */; };
		957330DE1FDFE0B3005AD56A /* ModulesAbbreviations.plist in Resources */ = {isa = PBXBuildFile; fileRef = 957330DD1FDFE0B3005AD56A /* ModulesAbbreviations.plist */; };
		957330E01FDFE63A005AD56A /* TemplatesAbbreviations.plist in Resources */ = {isa = PBXBuildFile; fileRef = 957330DF1FDFE63A005AD56A /* TemplatesAbbreviations.plist */; };
		958E51681FD0691C00D516E1 /* Deletor.swift in Sources */ = {isa = PBXBuildFile; fileRef = 958E51671FD0691C00D516E1 /* Deletor.swift */; };
		958E51701FD06ACF00D516E1 /* SnapKit.framework in Frameworks */ = {isa = PBXBuildFile; fileRef = 958E516B1FD06ACF00D516E1 /* SnapKit.framework */; };
		958E51711FD06ACF00D516E1 /* SnapKit.framework in Embed Frameworks */ = {isa = PBXBuildFile; fileRef = 958E516B1FD06ACF00D516E1 /* SnapKit.framework */; settings = {ATTRIBUTES = (CodeSignOnCopy, RemoveHeadersOnCopy, ); }; };
		958E51741FD06B4900D516E1 /* Assembly🄼.swift in Sources */ = {isa = PBXBuildFile; fileRef = 958E51731FD06B4900D516E1 /* Assembly🄼.swift */; };
		958E51781FD06BB500D516E1 /* Scene.swift in Sources */ = {isa = PBXBuildFile; fileRef = 958E51771FD06BB500D516E1 /* Scene.swift */; };
		958E517D1FD06E0300D516E1 /* RxBlocking.framework in Frameworks */ = {isa = PBXBuildFile; fileRef = 958E51791FD06E0300D516E1 /* RxBlocking.framework */; };
		958E517E1FD06E0300D516E1 /* RxBlocking.framework in Embed Frameworks */ = {isa = PBXBuildFile; fileRef = 958E51791FD06E0300D516E1 /* RxBlocking.framework */; settings = {ATTRIBUTES = (CodeSignOnCopy, RemoveHeadersOnCopy, ); }; };
		958E517F1FD06E0300D516E1 /* RxCocoa.framework in Frameworks */ = {isa = PBXBuildFile; fileRef = 958E517A1FD06E0300D516E1 /* RxCocoa.framework */; };
		958E51801FD06E0300D516E1 /* RxCocoa.framework in Embed Frameworks */ = {isa = PBXBuildFile; fileRef = 958E517A1FD06E0300D516E1 /* RxCocoa.framework */; settings = {ATTRIBUTES = (CodeSignOnCopy, RemoveHeadersOnCopy, ); }; };
		958E51811FD06E0300D516E1 /* RxSwift.framework in Frameworks */ = {isa = PBXBuildFile; fileRef = 958E517B1FD06E0300D516E1 /* RxSwift.framework */; };
		958E51821FD06E0300D516E1 /* RxSwift.framework in Embed Frameworks */ = {isa = PBXBuildFile; fileRef = 958E517B1FD06E0300D516E1 /* RxSwift.framework */; settings = {ATTRIBUTES = (CodeSignOnCopy, RemoveHeadersOnCopy, ); }; };
		958E51841FD06E0300D516E1 /* RxTest.framework in Embed Frameworks */ = {isa = PBXBuildFile; fileRef = 958E517C1FD06E0300D516E1 /* RxTest.framework */; settings = {ATTRIBUTES = (CodeSignOnCopy, RemoveHeadersOnCopy, ); }; };
		958E519B1FD093E300D516E1 /* AppDelegate.swift in Sources */ = {isa = PBXBuildFile; fileRef = 958E51981FD093E300D516E1 /* AppDelegate.swift */; };
		958E519C1FD093E300D516E1 /* Assets.xcassets in Resources */ = {isa = PBXBuildFile; fileRef = 958E51991FD093E300D516E1 /* Assets.xcassets */; };
		958E519D1FD093E300D516E1 /* Info.plist in Resources */ = {isa = PBXBuildFile; fileRef = 958E519A1FD093E300D516E1 /* Info.plist */; };
		958E51A21FD0941800D516E1 /* LaunchScreen.storyboard in Resources */ = {isa = PBXBuildFile; fileRef = 958E519E1FD0941800D516E1 /* LaunchScreen.storyboard */; };
		958E51A31FD0941800D516E1 /* Main.storyboard in Resources */ = {isa = PBXBuildFile; fileRef = 958E51A01FD0941800D516E1 /* Main.storyboard */; };
/* End PBXBuildFile section */

/* Begin PBXCopyFilesBuildPhase section */
		958E51721FD06ACF00D516E1 /* Embed Frameworks */ = {
			isa = PBXCopyFilesBuildPhase;
			buildActionMask = 2147483647;
			dstPath = "";
			dstSubfolderSpec = 10;
			files = (
				958E51841FD06E0300D516E1 /* RxTest.framework in Embed Frameworks */,
				958E51711FD06ACF00D516E1 /* SnapKit.framework in Embed Frameworks */,
				958E51821FD06E0300D516E1 /* RxSwift.framework in Embed Frameworks */,
				958E51801FD06E0300D516E1 /* RxCocoa.framework in Embed Frameworks */,
				958E517E1FD06E0300D516E1 /* RxBlocking.framework in Embed Frameworks */,
			);
			name = "Embed Frameworks";
			runOnlyForDeploymentPostprocessing = 0;
		};
/* End PBXCopyFilesBuildPhase section */

/* Begin PBXFileReference section */
		9503A2C61FBDB5A000A4DEE0 /* AllarRouter.app */ = {isa = PBXFileReference; explicitFileType = wrapper.application; includeInIndex = 0; path = AllarRouter.app; sourceTree = BUILT_PRODUCTS_DIR; };
		954E1C021FCF62650093F68F /* ComponentsAbbreviations.plist */ = {isa = PBXFileReference; fileEncoding = 4; lastKnownFileType = text.plist.xml; path = ComponentsAbbreviations.plist; sourceTree = "<group>"; };
		954E1C041FCF62650093F68F /* Colors.swift */ = {isa = PBXFileReference; fileEncoding = 4; lastKnownFileType = sourcecode.swift; path = Colors.swift; sourceTree = "<group>"; };
		954E1C051FCF62650093F68F /* Fonts.swift */ = {isa = PBXFileReference; fileEncoding = 4; lastKnownFileType = sourcecode.swift; path = Fonts.swift; sourceTree = "<group>"; };
		954E1C071FCF62650093F68F /* SideBar.plist */ = {isa = PBXFileReference; fileEncoding = 4; lastKnownFileType = text.plist.xml; path = SideBar.plist; sourceTree = "<group>"; };
		954E1C081FCF62650093F68F /* TabBar.plist */ = {isa = PBXFileReference; fileEncoding = 4; lastKnownFileType = text.plist.xml; path = TabBar.plist; sourceTree = "<group>"; };
		954E1C091FCF62650093F68F /* Titles.plist */ = {isa = PBXFileReference; fileEncoding = 4; lastKnownFileType = text.plist.xml; path = Titles.plist; sourceTree = "<group>"; };
		954E1C0A1FCF62650093F68F /* ToolBarItems.plist */ = {isa = PBXFileReference; fileEncoding = 4; lastKnownFileType = text.plist.xml; path = ToolBarItems.plist; sourceTree = "<group>"; };
		954E1C0C1FCF62650093F68F /* Local.swift */ = {isa = PBXFileReference; fileEncoding = 4; lastKnownFileType = sourcecode.swift; path = Local.swift; sourceTree = "<group>"; };
		954E1C0D1FCF62650093F68F /* Request.swift */ = {isa = PBXFileReference; fileEncoding = 4; lastKnownFileType = sourcecode.swift; path = Request.swift; sourceTree = "<group>"; };
		954E1C0E1FCF62650093F68F /* To.swift */ = {isa = PBXFileReference; fileEncoding = 4; lastKnownFileType = sourcecode.swift; path = To.swift; sourceTree = "<group>"; };
		954E1C121FCF62650093F68F /* BaseVC🄲.swift */ = {isa = PBXFileReference; fileEncoding = 4; lastKnownFileType = sourcecode.swift; path = "BaseVC🄲.swift"; sourceTree = "<group>"; };
		954E1C131FCF62650093F68F /* BaseVM🄲.swift */ = {isa = PBXFileReference; fileEncoding = 4; lastKnownFileType = sourcecode.swift; path = "BaseVM🄲.swift"; sourceTree = "<group>"; };
		954E1C141FCF62650093F68F /* BaseVMP🄲.swift */ = {isa = PBXFileReference; fileEncoding = 4; lastKnownFileType = sourcecode.swift; path = "BaseVMP🄲.swift"; sourceTree = "<group>"; };
		954E1C161FCF62650093F68F /* RouterVM🄲.swift */ = {isa = PBXFileReference; fileEncoding = 4; lastKnownFileType = sourcecode.swift; path = "RouterVM🄲.swift"; sourceTree = "<group>"; };
		954E1C171FCF62650093F68F /* RouterVMP🄲.swift */ = {isa = PBXFileReference; fileEncoding = 4; lastKnownFileType = sourcecode.swift; path = "RouterVMP🄲.swift"; sourceTree = "<group>"; };
		954E1C191FCF62650093F68F /* InputP🄲.swift */ = {isa = PBXFileReference; fileEncoding = 4; lastKnownFileType = sourcecode.swift; path = "InputP🄲.swift"; sourceTree = "<group>"; };
		954E1C1A1FCF62650093F68F /* LogicalUnit.swift */ = {isa = PBXFileReference; fileEncoding = 4; lastKnownFileType = sourcecode.swift; path = LogicalUnit.swift; sourceTree = "<group>"; };
		954E1C1B1FCF62650093F68F /* OutputP🄲.swift */ = {isa = PBXFileReference; fileEncoding = 4; lastKnownFileType = sourcecode.swift; path = "OutputP🄲.swift"; sourceTree = "<group>"; };
		954E1C211FCF62650093F68F /* FirstVC🄲.swift */ = {isa = PBXFileReference; fileEncoding = 4; lastKnownFileType = sourcecode.swift; path = "FirstVC🄲.swift"; sourceTree = "<group>"; };
		954E1C221FCF62650093F68F /* FirstVM🄲.swift */ = {isa = PBXFileReference; fileEncoding = 4; lastKnownFileType = sourcecode.swift; path = "FirstVM🄲.swift"; sourceTree = "<group>"; };
		954E1C241FCF62650093F68F /* SecondVC🄲.swift */ = {isa = PBXFileReference; fileEncoding = 4; lastKnownFileType = sourcecode.swift; path = "SecondVC🄲.swift"; sourceTree = "<group>"; };
		954E1C251FCF62650093F68F /* SecondVM🄲.swift */ = {isa = PBXFileReference; fileEncoding = 4; lastKnownFileType = sourcecode.swift; path = "SecondVM🄲.swift"; sourceTree = "<group>"; };
		954E1C271FCF62650093F68F /* ThirdVC🄲.swift */ = {isa = PBXFileReference; fileEncoding = 4; lastKnownFileType = sourcecode.swift; path = "ThirdVC🄲.swift"; sourceTree = "<group>"; };
		954E1C281FCF62650093F68F /* ThirdVM🄲.swift */ = {isa = PBXFileReference; fileEncoding = 4; lastKnownFileType = sourcecode.swift; path = "ThirdVM🄲.swift"; sourceTree = "<group>"; };
		954E1C5E1FCF62650093F68F /* NavigationBarV.swift */ = {isa = PBXFileReference; fileEncoding = 4; lastKnownFileType = sourcecode.swift; path = NavigationBarV.swift; sourceTree = "<group>"; };
		954E1C5F1FCF62650093F68F /* NavigationBarVM.swift */ = {isa = PBXFileReference; fileEncoding = 4; lastKnownFileType = sourcecode.swift; path = NavigationBarVM.swift; sourceTree = "<group>"; };
		954E1C611FCF62650093F68F /* SideBarSVC.swift */ = {isa = PBXFileReference; fileEncoding = 4; lastKnownFileType = sourcecode.swift; path = SideBarSVC.swift; sourceTree = "<group>"; };
		954E1C621FCF62650093F68F /* SideBarVM.swift */ = {isa = PBXFileReference; fileEncoding = 4; lastKnownFileType = sourcecode.swift; path = SideBarVM.swift; sourceTree = "<group>"; };
		954E1C641FCF62650093F68F /* TabBarVC.swift */ = {isa = PBXFileReference; fileEncoding = 4; lastKnownFileType = sourcecode.swift; path = TabBarVC.swift; sourceTree = "<group>"; };
		954E1C651FCF62650093F68F /* TabBarVM.swift */ = {isa = PBXFileReference; fileEncoding = 4; lastKnownFileType = sourcecode.swift; path = TabBarVM.swift; sourceTree = "<group>"; };
		954E1C691FCF62650093F68F /* BaseCell.swift */ = {isa = PBXFileReference; fileEncoding = 4; lastKnownFileType = sourcecode.swift; path = BaseCell.swift; sourceTree = "<group>"; };
		954E1C6B1FCF62650093F68F /* BaseItem.swift */ = {isa = PBXFileReference; fileEncoding = 4; lastKnownFileType = sourcecode.swift; path = BaseItem.swift; sourceTree = "<group>"; };
		954E1C701FCF62650093F68F /* SNPKitWayP🄲.swift */ = {isa = PBXFileReference; fileEncoding = 4; lastKnownFileType = sourcecode.swift; path = "SNPKitWayP🄲.swift"; sourceTree = "<group>"; };
		954E1C711FCF62650093F68F /* StoryboardWayP🄲.swift */ = {isa = PBXFileReference; fileEncoding = 4; lastKnownFileType = sourcecode.swift; path = "StoryboardWayP🄲.swift"; sourceTree = "<group>"; };
		954E1CB01FCF63D20093F68F /* DBRouter.swift */ = {isa = PBXFileReference; fileEncoding = 4; lastKnownFileType = sourcecode.swift; path = DBRouter.swift; sourceTree = "<group>"; };
		954E1CB11FCF63D20093F68F /* DBRouterP🄲.swift */ = {isa = PBXFileReference; fileEncoding = 4; lastKnownFileType = sourcecode.swift; path = "DBRouterP🄲.swift"; sourceTree = "<group>"; };
		954E1CB41FCF63D20093F68F /* Сleaner.swift */ = {isa = PBXFileReference; fileEncoding = 4; lastKnownFileType = sourcecode.swift; path = "Сleaner.swift"; sourceTree = "<group>"; };
		954E1CB51FCF63D20093F68F /* DBRouterC🅃.swift */ = {isa = PBXFileReference; fileEncoding = 4; lastKnownFileType = sourcecode.swift; path = "DBRouterC🅃.swift"; sourceTree = "<group>"; };
		954E1CB61FCF63D20093F68F /* DBRouterC🅃P🄿.swift */ = {isa = PBXFileReference; fileEncoding = 4; lastKnownFileType = sourcecode.swift; path = "DBRouterC🅃P🄿.swift"; sourceTree = "<group>"; };
		954E1CB81FCF63D20093F68F /* Saver.swift */ = {isa = PBXFileReference; fileEncoding = 4; lastKnownFileType = sourcecode.swift; path = Saver.swift; sourceTree = "<group>"; };
		954E1CBA1FCF63D20093F68F /* Selectioner.swift */ = {isa = PBXFileReference; fileEncoding = 4; lastKnownFileType = sourcecode.swift; path = Selectioner.swift; sourceTree = "<group>"; };
		954E1CBD1FCF63D20093F68F /* NETRouter.swift */ = {isa = PBXFileReference; fileEncoding = 4; lastKnownFileType = sourcecode.swift; path = NETRouter.swift; sourceTree = "<group>"; };
		954E1CBE1FCF63D20093F68F /* NETRouterP🄲.swift */ = {isa = PBXFileReference; fileEncoding = 4; lastKnownFileType = sourcecode.swift; path = "NETRouterP🄲.swift"; sourceTree = "<group>"; };
		954E1CC11FCF63D20093F68F /* Creator.swift */ = {isa = PBXFileReference; fileEncoding = 4; lastKnownFileType = sourcecode.swift; path = Creator.swift; sourceTree = "<group>"; };
		954E1CC41FCF63D20093F68F /* Getter.swift */ = {isa = PBXFileReference; fileEncoding = 4; lastKnownFileType = sourcecode.swift; path = Getter.swift; sourceTree = "<group>"; };
		954E1CC51FCF63D20093F68F /* NETRouterC.swift */ = {isa = PBXFileReference; fileEncoding = 4; lastKnownFileType = sourcecode.swift; path = NETRouterC.swift; sourceTree = "<group>"; };
		954E1CC61FCF63D20093F68F /* NETRouterC🅃P🄲.swift */ = {isa = PBXFileReference; fileEncoding = 4; lastKnownFileType = sourcecode.swift; path = "NETRouterC🅃P🄲.swift"; sourceTree = "<group>"; };
		954E1CC81FCF63D20093F68F /* Updater.swift */ = {isa = PBXFileReference; fileEncoding = 4; lastKnownFileType = sourcecode.swift; path = Updater.swift; sourceTree = "<group>"; };
		954E1CC91FCF63D20093F68F /* RouterF🄿P🄲.swift */ = {isa = PBXFileReference; fileEncoding = 4; lastKnownFileType = sourcecode.swift; path = "RouterF🄿P🄲.swift"; sourceTree = "<group>"; };
		954E1CCA1FCF63D20093F68F /* RoutersF🄿.swift */ = {isa = PBXFileReference; fileEncoding = 4; lastKnownFileType = sourcecode.swift; path = "RoutersF🄿.swift"; sourceTree = "<group>"; };
		954E1CCD1FCF63D20093F68F /* UIRouter.swift */ = {isa = PBXFileReference; fileEncoding = 4; lastKnownFileType = sourcecode.swift; path = UIRouter.swift; sourceTree = "<group>"; };
		954E1CCE1FCF63D20093F68F /* UIRouterP🄲.swift */ = {isa = PBXFileReference; fileEncoding = 4; lastKnownFileType = sourcecode.swift; path = "UIRouterP🄲.swift"; sourceTree = "<group>"; };
		954E1CD11FCF63D20093F68F /* Modaler.swift */ = {isa = PBXFileReference; fileEncoding = 4; lastKnownFileType = sourcecode.swift; path = Modaler.swift; sourceTree = "<group>"; };
		954E1CD31FCF63D20093F68F /* Poper.swift */ = {isa = PBXFileReference; fileEncoding = 4; lastKnownFileType = sourcecode.swift; path = Poper.swift; sourceTree = "<group>"; };
		954E1CD51FCF63D20093F68F /* Pusher.swift */ = {isa = PBXFileReference; fileEncoding = 4; lastKnownFileType = sourcecode.swift; path = Pusher.swift; sourceTree = "<group>"; };
		954E1CD61FCF63D20093F68F /* UIRouterC🅃.swift */ = {isa = PBXFileReference; fileEncoding = 4; lastKnownFileType = sourcecode.swift; path = "UIRouterC🅃.swift"; sourceTree = "<group>"; };
		954E1CD71FCF63D20093F68F /* UIRouterC🅃P.swift */ = {isa = PBXFileReference; fileEncoding = 4; lastKnownFileType = sourcecode.swift; path = "UIRouterC🅃P.swift"; sourceTree = "<group>"; };
		9554F7541FD1F74400E996B0 /* InputData.swift */ = {isa = PBXFileReference; fileEncoding = 4; lastKnownFileType = sourcecode.swift; path = InputData.swift; sourceTree = "<group>"; };
		9554F7561FD1F79400E996B0 /* OutputData.swift */ = {isa = PBXFileReference; fileEncoding = 4; lastKnownFileType = sourcecode.swift; path = OutputData.swift; sourceTree = "<group>"; };
		9554F75A1FD1F93900E996B0 /* FirstID🄲.swift */ = {isa = PBXFileReference; fileEncoding = 4; lastKnownFileType = sourcecode.swift; path = "FirstID🄲.swift"; sourceTree = "<group>"; };
		9554F75D1FD1F97D00E996B0 /* FirstOD🄲.swift */ = {isa = PBXFileReference; fileEncoding = 4; lastKnownFileType = sourcecode.swift; path = "FirstOD🄲.swift"; sourceTree = "<group>"; };
		9554F75F1FD1F9D200E996B0 /* SecondID🄲.swift */ = {isa = PBXFileReference; fileEncoding = 4; lastKnownFileType = sourcecode.swift; path = "SecondID🄲.swift"; sourceTree = "<group>"; };
		9554F7611FD1F9F200E996B0 /* SecondOD🄲.swift */ = {isa = PBXFileReference; fileEncoding = 4; lastKnownFileType = sourcecode.swift; path = "SecondOD🄲.swift"; sourceTree = "<group>"; };
		9554F7631FD1FA1700E996B0 /* ThirdID🄲.swift */ = {isa = PBXFileReference; fileEncoding = 4; lastKnownFileType = sourcecode.swift; path = "ThirdID🄲.swift"; sourceTree = "<group>"; };
		9554F7651FD1FA3000E996B0 /* ThirdOD🄲.swift */ = {isa = PBXFileReference; fileEncoding = 4; lastKnownFileType = sourcecode.swift; path = "ThirdOD🄲.swift"; sourceTree = "<group>"; };
		9554F7671FD1FE1300E996B0 /* SelectionerID🄲.swift */ = {isa = PBXFileReference; fileEncoding = 4; lastKnownFileType = sourcecode.swift; path = "SelectionerID🄲.swift"; sourceTree = "<group>"; };
		9554F7691FD1FF0300E996B0 /* SelectionerOD🄲.swift */ = {isa = PBXFileReference; fileEncoding = 4; lastKnownFileType = sourcecode.swift; path = "SelectionerOD🄲.swift"; sourceTree = "<group>"; };
		9554F76B1FD205BD00E996B0 /* String+SeparatedByUpperCase.swift */ = {isa = PBXFileReference; fileEncoding = 4; lastKnownFileType = sourcecode.swift; path = "String+SeparatedByUpperCase.swift"; sourceTree = "<group>"; };
		957330CF1FDF0530005AD56A /* UICreateP🄲.swift */ = {isa = PBXFileReference; fileEncoding = 4; lastKnownFileType = sourcecode.swift; path = "UICreateP🄲.swift"; sourceTree = "<group>"; };
		957330D11FDF1503005AD56A /* FirstOA🄲.swift */ = {isa = PBXFileReference; fileEncoding = 4; lastKnownFileType = sourcecode.swift; path = "FirstOA🄲.swift"; sourceTree = "<group>"; };
		957330D31FDF1515005AD56A /* FirstIA🄲.swift */ = {isa = PBXFileReference; fileEncoding = 4; lastKnownFileType = sourcecode.swift; path = "FirstIA🄲.swift"; sourceTree = "<group>"; };
		957330D61FDF15FC005AD56A /* OutputActions.swift */ = {isa = PBXFileReference; fileEncoding = 4; lastKnownFileType = sourcecode.swift; path = OutputActions.swift; sourceTree = "<group>"; };
		957330D81FDF1652005AD56A /* InputActions.swift */ = {isa = PBXFileReference; fileEncoding = 4; lastKnownFileType = sourcecode.swift; path = InputActions.swift; sourceTree = "<group>"; };
		957330DB1FDFE075005AD56A /* PattertnsAbbreviations.plist */ = {isa = PBXFileReference; fileEncoding = 4; lastKnownFileType = text.plist.xml; path = PattertnsAbbreviations.plist; sourceTree = "<group>"; };
		957330DD1FDFE0B3005AD56A /* ModulesAbbreviations.plist */ = {isa = PBXFileReference; fileEncoding = 4; lastKnownFileType = text.plist.xml; path = ModulesAbbreviations.plist; sourceTree = "<group>"; };
		957330DF1FDFE63A005AD56A /* TemplatesAbbreviations.plist */ = {isa = PBXFileReference; fileEncoding = 4; lastKnownFileType = text.plist.xml; path = TemplatesAbbreviations.plist; sourceTree = "<group>"; };
		958E51671FD0691C00D516E1 /* Deletor.swift */ = {isa = PBXFileReference; fileEncoding = 4; lastKnownFileType = sourcecode.swift; path = Deletor.swift; sourceTree = "<group>"; };
		958E516B1FD06ACF00D516E1 /* SnapKit.framework */ = {isa = PBXFileReference; lastKnownFileType = wrapper.framework; name = SnapKit.framework; path = Carthage/Build/iOS/SnapKit.framework; sourceTree = "<group>"; };
		958E51731FD06B4900D516E1 /* Assembly🄼.swift */ = {isa = PBXFileReference; fileEncoding = 4; lastKnownFileType = sourcecode.swift; path = "Assembly🄼.swift"; sourceTree = "<group>"; };
		958E51771FD06BB500D516E1 /* Scene.swift */ = {isa = PBXFileReference; fileEncoding = 4; lastKnownFileType = sourcecode.swift; path = Scene.swift; sourceTree = "<group>"; };
		958E51791FD06E0300D516E1 /* RxBlocking.framework */ = {isa = PBXFileReference; lastKnownFileType = wrapper.framework; name = RxBlocking.framework; path = Carthage/Build/iOS/RxBlocking.framework; sourceTree = "<group>"; };
		958E517A1FD06E0300D516E1 /* RxCocoa.framework */ = {isa = PBXFileReference; lastKnownFileType = wrapper.framework; name = RxCocoa.framework; path = Carthage/Build/iOS/RxCocoa.framework; sourceTree = "<group>"; };
		958E517B1FD06E0300D516E1 /* RxSwift.framework */ = {isa = PBXFileReference; lastKnownFileType = wrapper.framework; name = RxSwift.framework; path = Carthage/Build/iOS/RxSwift.framework; sourceTree = "<group>"; };
		958E517C1FD06E0300D516E1 /* RxTest.framework */ = {isa = PBXFileReference; lastKnownFileType = wrapper.framework; name = RxTest.framework; path = Carthage/Build/iOS/RxTest.framework; sourceTree = "<group>"; };
		958E51941FD0935700D516E1 /* XCTest.framework */ = {isa = PBXFileReference; lastKnownFileType = wrapper.framework; name = XCTest.framework; path = Platforms/iPhoneOS.platform/Developer/Library/Frameworks/XCTest.framework; sourceTree = DEVELOPER_DIR; };
		958E51981FD093E300D516E1 /* AppDelegate.swift */ = {isa = PBXFileReference; fileEncoding = 4; lastKnownFileType = sourcecode.swift; path = AppDelegate.swift; sourceTree = "<group>"; };
		958E51991FD093E300D516E1 /* Assets.xcassets */ = {isa = PBXFileReference; lastKnownFileType = folder.assetcatalog; path = Assets.xcassets; sourceTree = "<group>"; };
		958E519A1FD093E300D516E1 /* Info.plist */ = {isa = PBXFileReference; fileEncoding = 4; lastKnownFileType = text.plist.xml; path = Info.plist; sourceTree = "<group>"; };
		958E519F1FD0941800D516E1 /* Base */ = {isa = PBXFileReference; lastKnownFileType = file.storyboard; name = Base; path = Base.lproj/LaunchScreen.storyboard; sourceTree = "<group>"; };
		958E51A11FD0941800D516E1 /* Base */ = {isa = PBXFileReference; lastKnownFileType = file.storyboard; name = Base; path = Base.lproj/Main.storyboard; sourceTree = "<group>"; };
/* End PBXFileReference section */

/* Begin PBXFrameworksBuildPhase section */
		9503A2C31FBDB5A000A4DEE0 /* Frameworks */ = {
			isa = PBXFrameworksBuildPhase;
			buildActionMask = 2147483647;
			files = (
				958E51701FD06ACF00D516E1 /* SnapKit.framework in Frameworks */,
				958E51811FD06E0300D516E1 /* RxSwift.framework in Frameworks */,
				958E517F1FD06E0300D516E1 /* RxCocoa.framework in Frameworks */,
				958E517D1FD06E0300D516E1 /* RxBlocking.framework in Frameworks */,
			);
			runOnlyForDeploymentPostprocessing = 0;
		};
/* End PBXFrameworksBuildPhase section */

/* Begin PBXGroup section */
		9503A2BD1FBDB5A000A4DEE0 = {
			isa = PBXGroup;
			children = (
				9503A2C81FBDB5A000A4DEE0 /* AllarRouter */,
			);
			sourceTree = "<group>";
		};
		9503A2C71FBDB5A000A4DEE0 /* Products */ = {
			isa = PBXGroup;
			children = (
				9503A2C61FBDB5A000A4DEE0 /* AllarRouter.app */,
			);
			name = Products;
			path = ../..;
			sourceTree = "<group>";
		};
		9503A2C81FBDB5A000A4DEE0 /* AllarRouter */ = {
			isa = PBXGroup;
			children = (
				954E1C011FCF62650093F68F /* EnumsConstantsAndPlists */,
				954E1C0F1FCF62650093F68F /* Modules */,
				958E51971FD093E300D516E1 /* Recources */,
			);
			path = AllarRouter;
			sourceTree = "<group>";
		};
		954E1C011FCF62650093F68F /* EnumsConstantsAndPlists */ = {
			isa = PBXGroup;
			children = (
				957330DA1FDFDFF4005AD56A /* Abbreviations */,
				954E1C031FCF62650093F68F /* Enums */,
				954E1C061FCF62650093F68F /* Names */,
				954E1C0B1FCF62650093F68F /* Pathes */,
			);
			path = EnumsConstantsAndPlists;
			sourceTree = "<group>";
		};
		954E1C031FCF62650093F68F /* Enums */ = {
			isa = PBXGroup;
			children = (
				954E1C041FCF62650093F68F /* Colors.swift */,
				954E1C051FCF62650093F68F /* Fonts.swift */,
			);
			path = Enums;
			sourceTree = "<group>";
		};
		954E1C061FCF62650093F68F /* Names */ = {
			isa = PBXGroup;
			children = (
				954E1C071FCF62650093F68F /* SideBar.plist */,
				954E1C081FCF62650093F68F /* TabBar.plist */,
				954E1C091FCF62650093F68F /* Titles.plist */,
				954E1C0A1FCF62650093F68F /* ToolBarItems.plist */,
			);
			path = Names;
			sourceTree = "<group>";
		};
		954E1C0B1FCF62650093F68F /* Pathes */ = {
			isa = PBXGroup;
			children = (
				954E1C0C1FCF62650093F68F /* Local.swift */,
				954E1C0D1FCF62650093F68F /* Request.swift */,
				954E1C0E1FCF62650093F68F /* To.swift */,
			);
			path = Pathes;
			sourceTree = "<group>";
		};
		954E1C0F1FCF62650093F68F /* Modules */ = {
			isa = PBXGroup;
			children = (
				954E1C101FCF62650093F68F /* Base */,
				954E1C1C1FCF62650093F68F /* Entities */,
				954E1C1F1FCF62650093F68F /* Flow */,
				954E1C291FCF62650093F68F /* Models */,
				954E1C5A1FCF62650093F68F /* UI */,
			);
			path = Modules;
			sourceTree = "<group>";
		};
		954E1C101FCF62650093F68F /* Base */ = {
			isa = PBXGroup;
			children = (
				954E1C111FCF62650093F68F /* FirstLevel */,
				954E1C151FCF62650093F68F /* SecondLevel */,
				954E1C181FCF62650093F68F /* ZerroLevel */,
			);
			path = Base;
			sourceTree = "<group>";
		};
		954E1C111FCF62650093F68F /* FirstLevel */ = {
			isa = PBXGroup;
			children = (
				954E1C121FCF62650093F68F /* BaseVC🄲.swift */,
				954E1C131FCF62650093F68F /* BaseVM🄲.swift */,
				954E1C141FCF62650093F68F /* BaseVMP🄲.swift */,
			);
			path = FirstLevel;
			sourceTree = "<group>";
		};
		954E1C151FCF62650093F68F /* SecondLevel */ = {
			isa = PBXGroup;
			children = (
				954E1C161FCF62650093F68F /* RouterVM🄲.swift */,
				954E1C171FCF62650093F68F /* RouterVMP🄲.swift */,
			);
			path = SecondLevel;
			sourceTree = "<group>";
		};
		954E1C181FCF62650093F68F /* ZerroLevel */ = {
			isa = PBXGroup;
			children = (
				954E1C1A1FCF62650093F68F /* LogicalUnit.swift */,
				9554F7591FD1F82600E996B0 /* Output */,
				9554F7581FD1F81600E996B0 /* Input */,
			);
			path = ZerroLevel;
			sourceTree = "<group>";
		};
		954E1C1C1FCF62650093F68F /* Entities */ = {
			isa = PBXGroup;
			children = (
				954E1C1D1FCF62650093F68F /* DB */,
				954E1C1E1FCF62650093F68F /* Files */,
			);
			path = Entities;
			sourceTree = "<group>";
		};
		954E1C1D1FCF62650093F68F /* DB */ = {
			isa = PBXGroup;
			children = (
			);
			path = DB;
			sourceTree = "<group>";
		};
		954E1C1E1FCF62650093F68F /* Files */ = {
			isa = PBXGroup;
			children = (
			);
			path = Files;
			sourceTree = "<group>";
		};
		954E1C1F1FCF62650093F68F /* Flow */ = {
			isa = PBXGroup;
			children = (
				954E1C201FCF62650093F68F /* First */,
				954E1C231FCF62650093F68F /* Second */,
				954E1C261FCF62650093F68F /* Third */,
			);
			path = Flow;
			sourceTree = "<group>";
		};
		954E1C201FCF62650093F68F /* First */ = {
			isa = PBXGroup;
			children = (
				954E1C211FCF62650093F68F /* FirstVC🄲.swift */,
				954E1C221FCF62650093F68F /* FirstVM🄲.swift */,
				9554F75A1FD1F93900E996B0 /* FirstID🄲.swift */,
				9554F75D1FD1F97D00E996B0 /* FirstOD🄲.swift */,
				957330D11FDF1503005AD56A /* FirstOA🄲.swift */,
				957330D31FDF1515005AD56A /* FirstIA🄲.swift */,
			);
			path = First;
			sourceTree = "<group>";
		};
		954E1C231FCF62650093F68F /* Second */ = {
			isa = PBXGroup;
			children = (
				954E1C241FCF62650093F68F /* SecondVC🄲.swift */,
				954E1C251FCF62650093F68F /* SecondVM🄲.swift */,
				9554F75F1FD1F9D200E996B0 /* SecondID🄲.swift */,
				9554F7611FD1F9F200E996B0 /* SecondOD🄲.swift */,
			);
			path = Second;
			sourceTree = "<group>";
		};
		954E1C261FCF62650093F68F /* Third */ = {
			isa = PBXGroup;
			children = (
				954E1C271FCF62650093F68F /* ThirdVC🄲.swift */,
				954E1C281FCF62650093F68F /* ThirdVM🄲.swift */,
				9554F7631FD1FA1700E996B0 /* ThirdID🄲.swift */,
				9554F7651FD1FA3000E996B0 /* ThirdOD🄲.swift */,
			);
			path = Third;
			sourceTree = "<group>";
		};
		954E1C291FCF62650093F68F /* Models */ = {
			isa = PBXGroup;
			children = (
				954E1CAD1FCF63D20093F68F /* Router */,
				954E1C2A1FCF62650093F68F /* Categories */,
				954E1C2B1FCF62650093F68F /* Operations */,
				954E1C2C1FCF62650093F68F /* Patterns */,
				954E1C2D1FCF62650093F68F /* Services */,
			);
			path = Models;
			sourceTree = "<group>";
		};
		954E1C2A1FCF62650093F68F /* Categories */ = {
			isa = PBXGroup;
			children = (
				9554F76B1FD205BD00E996B0 /* String+SeparatedByUpperCase.swift */,
			);
			path = Categories;
			sourceTree = "<group>";
		};
		954E1C2B1FCF62650093F68F /* Operations */ = {
			isa = PBXGroup;
			children = (
			);
			name = Operations;
			path = Oprerations;
			sourceTree = "<group>";
		};
		954E1C2C1FCF62650093F68F /* Patterns */ = {
			isa = PBXGroup;
			children = (
			);
			path = Patterns;
			sourceTree = "<group>";
		};
		954E1C2D1FCF62650093F68F /* Services */ = {
			isa = PBXGroup;
			children = (
				958E51761FD06BA900D516E1 /* Scene */,
				958E51731FD06B4900D516E1 /* Assembly🄼.swift */,
			);
			path = Services;
			sourceTree = "<group>";
		};
		954E1C5A1FCF62650093F68F /* UI */ = {
			isa = PBXGroup;
			children = (
				954E1C5B1FCF62650093F68F /* Components */,
				954E1C701FCF62650093F68F /* SNPKitWayP🄲.swift */,
				954E1C711FCF62650093F68F /* StoryboardWayP🄲.swift */,
				957330CF1FDF0530005AD56A /* UICreateP🄲.swift */,
				954E1C721FCF62650093F68F /* Views */,
			);
			path = UI;
			sourceTree = "<group>";
		};
		954E1C5B1FCF62650093F68F /* Components */ = {
			isa = PBXGroup;
			children = (
				954E1C5C1FCF62650093F68F /* Bars */,
				954E1C671FCF62650093F68F /* Scollable */,
				954E1C6C1FCF62650093F68F /* Text */,
			);
			path = Components;
			sourceTree = "<group>";
		};
		954E1C5C1FCF62650093F68F /* Bars */ = {
			isa = PBXGroup;
			children = (
				954E1C5D1FCF62650093F68F /* NavigationBar */,
				954E1C601FCF62650093F68F /* SideBar */,
				954E1C631FCF62650093F68F /* Tabbar */,
				954E1C661FCF62650093F68F /* Toolbar */,
			);
			path = Bars;
			sourceTree = "<group>";
		};
		954E1C5D1FCF62650093F68F /* NavigationBar */ = {
			isa = PBXGroup;
			children = (
				954E1C5E1FCF62650093F68F /* NavigationBarV.swift */,
				954E1C5F1FCF62650093F68F /* NavigationBarVM.swift */,
			);
			path = NavigationBar;
			sourceTree = "<group>";
		};
		954E1C601FCF62650093F68F /* SideBar */ = {
			isa = PBXGroup;
			children = (
				954E1C611FCF62650093F68F /* SideBarSVC.swift */,
				954E1C621FCF62650093F68F /* SideBarVM.swift */,
			);
			path = SideBar;
			sourceTree = "<group>";
		};
		954E1C631FCF62650093F68F /* Tabbar */ = {
			isa = PBXGroup;
			children = (
				954E1C641FCF62650093F68F /* TabBarVC.swift */,
				954E1C651FCF62650093F68F /* TabBarVM.swift */,
			);
			path = Tabbar;
			sourceTree = "<group>";
		};
		954E1C661FCF62650093F68F /* Toolbar */ = {
			isa = PBXGroup;
			children = (
			);
			path = Toolbar;
			sourceTree = "<group>";
		};
		954E1C671FCF62650093F68F /* Scollable */ = {
			isa = PBXGroup;
			children = (
				954E1C681FCF62650093F68F /* Cell */,
				954E1C6A1FCF62650093F68F /* Item */,
			);
			path = Scollable;
			sourceTree = "<group>";
		};
		954E1C681FCF62650093F68F /* Cell */ = {
			isa = PBXGroup;
			children = (
				954E1C691FCF62650093F68F /* BaseCell.swift */,
			);
			path = Cell;
			sourceTree = "<group>";
		};
		954E1C6A1FCF62650093F68F /* Item */ = {
			isa = PBXGroup;
			children = (
				954E1C6B1FCF62650093F68F /* BaseItem.swift */,
			);
			path = Item;
			sourceTree = "<group>";
		};
		954E1C6C1FCF62650093F68F /* Text */ = {
			isa = PBXGroup;
			children = (
				954E1C6D1FCF62650093F68F /* Label */,
				954E1C6E1FCF62650093F68F /* TextField */,
				954E1C6F1FCF62650093F68F /* TextView */,
			);
			path = Text;
			sourceTree = "<group>";
		};
		954E1C6D1FCF62650093F68F /* Label */ = {
			isa = PBXGroup;
			children = (
			);
			path = Label;
			sourceTree = "<group>";
		};
		954E1C6E1FCF62650093F68F /* TextField */ = {
			isa = PBXGroup;
			children = (
			);
			path = TextField;
			sourceTree = "<group>";
		};
		954E1C6F1FCF62650093F68F /* TextView */ = {
			isa = PBXGroup;
			children = (
			);
			path = TextView;
			sourceTree = "<group>";
		};
		954E1C721FCF62650093F68F /* Views */ = {
			isa = PBXGroup;
			children = (
			);
			path = Views;
			sourceTree = "<group>";
		};
		954E1CAD1FCF63D20093F68F /* Router */ = {
			isa = PBXGroup;
			children = (
				954E1CC91FCF63D20093F68F /* RouterF🄿P🄲.swift */,
				954E1CCA1FCF63D20093F68F /* RoutersF🄿.swift */,
				954E1CAE1FCF63D20093F68F /* DBRouter */,
				954E1CBB1FCF63D20093F68F /* NETRouter */,
				954E1CCB1FCF63D20093F68F /* UIRouter */,
			);
			path = Router;
			sourceTree = "<group>";
		};
		954E1CAE1FCF63D20093F68F /* DBRouter */ = {
			isa = PBXGroup;
			children = (
				954E1CAF1FCF63D20093F68F /* Abstract */,
				954E1CB21FCF63D20093F68F /* Inherits */,
			);
			path = DBRouter;
			sourceTree = "<group>";
		};
		954E1CAF1FCF63D20093F68F /* Abstract */ = {
			isa = PBXGroup;
			children = (
				954E1CB01FCF63D20093F68F /* DBRouter.swift */,
				954E1CB11FCF63D20093F68F /* DBRouterP🄲.swift */,
			);
			path = Abstract;
			sourceTree = "<group>";
		};
		954E1CB21FCF63D20093F68F /* Inherits */ = {
			isa = PBXGroup;
			children = (
				954E1CB51FCF63D20093F68F /* DBRouterC🅃.swift */,
				954E1CB61FCF63D20093F68F /* DBRouterC🅃P🄿.swift */,
				954E1CB31FCF63D20093F68F /* Cleaner */,
				954E1CB71FCF63D20093F68F /* Saver */,
				954E1CB91FCF63D20093F68F /* Selectioner */,
			);
			path = Inherits;
			sourceTree = "<group>";
		};
		954E1CB31FCF63D20093F68F /* Cleaner */ = {
			isa = PBXGroup;
			children = (
				954E1CB41FCF63D20093F68F /* Сleaner.swift */,
			);
			path = Cleaner;
			sourceTree = "<group>";
		};
		954E1CB71FCF63D20093F68F /* Saver */ = {
			isa = PBXGroup;
			children = (
				954E1CB81FCF63D20093F68F /* Saver.swift */,
			);
			path = Saver;
			sourceTree = "<group>";
		};
		954E1CB91FCF63D20093F68F /* Selectioner */ = {
			isa = PBXGroup;
			children = (
				954E1CBA1FCF63D20093F68F /* Selectioner.swift */,
				9554F7671FD1FE1300E996B0 /* SelectionerID🄲.swift */,
				9554F7691FD1FF0300E996B0 /* SelectionerOD🄲.swift */,
			);
			path = Selectioner;
			sourceTree = "<group>";
		};
		954E1CBB1FCF63D20093F68F /* NETRouter */ = {
			isa = PBXGroup;
			children = (
				954E1CBC1FCF63D20093F68F /* Abstract */,
				954E1CBF1FCF63D20093F68F /* Inherits */,
			);
			path = NETRouter;
			sourceTree = "<group>";
		};
		954E1CBC1FCF63D20093F68F /* Abstract */ = {
			isa = PBXGroup;
			children = (
				954E1CBD1FCF63D20093F68F /* NETRouter.swift */,
				954E1CBE1FCF63D20093F68F /* NETRouterP🄲.swift */,
			);
			path = Abstract;
			sourceTree = "<group>";
		};
		954E1CBF1FCF63D20093F68F /* Inherits */ = {
			isa = PBXGroup;
			children = (
				954E1CC51FCF63D20093F68F /* NETRouterC.swift */,
				954E1CC61FCF63D20093F68F /* NETRouterC🅃P🄲.swift */,
				954E1CC01FCF63D20093F68F /* Creator */,
				954E1CC21FCF63D20093F68F /* Deletor */,
				954E1CC31FCF63D20093F68F /* Getter */,
				954E1CC71FCF63D20093F68F /* Updater */,
			);
			path = Inherits;
			sourceTree = "<group>";
		};
		954E1CC01FCF63D20093F68F /* Creator */ = {
			isa = PBXGroup;
			children = (
				954E1CC11FCF63D20093F68F /* Creator.swift */,
			);
			path = Creator;
			sourceTree = "<group>";
		};
		954E1CC21FCF63D20093F68F /* Deletor */ = {
			isa = PBXGroup;
			children = (
				958E51671FD0691C00D516E1 /* Deletor.swift */,
			);
			path = Deletor;
			sourceTree = "<group>";
		};
		954E1CC31FCF63D20093F68F /* Getter */ = {
			isa = PBXGroup;
			children = (
				954E1CC41FCF63D20093F68F /* Getter.swift */,
			);
			path = Getter;
			sourceTree = "<group>";
		};
		954E1CC71FCF63D20093F68F /* Updater */ = {
			isa = PBXGroup;
			children = (
				954E1CC81FCF63D20093F68F /* Updater.swift */,
			);
			path = Updater;
			sourceTree = "<group>";
		};
		954E1CCB1FCF63D20093F68F /* UIRouter */ = {
			isa = PBXGroup;
			children = (
				954E1CCC1FCF63D20093F68F /* Abstract */,
				954E1CCF1FCF63D20093F68F /* Inherits */,
			);
			path = UIRouter;
			sourceTree = "<group>";
		};
		954E1CCC1FCF63D20093F68F /* Abstract */ = {
			isa = PBXGroup;
			children = (
				954E1CCD1FCF63D20093F68F /* UIRouter.swift */,
				954E1CCE1FCF63D20093F68F /* UIRouterP🄲.swift */,
			);
			path = Abstract;
			sourceTree = "<group>";
		};
		954E1CCF1FCF63D20093F68F /* Inherits */ = {
			isa = PBXGroup;
			children = (
				954E1CD61FCF63D20093F68F /* UIRouterC🅃.swift */,
				954E1CD71FCF63D20093F68F /* UIRouterC🅃P.swift */,
				954E1CD01FCF63D20093F68F /* Modaler */,
				954E1CD21FCF63D20093F68F /* Poper */,
				954E1CD41FCF63D20093F68F /* Pusher */,
			);
			path = Inherits;
			sourceTree = "<group>";
		};
		954E1CD01FCF63D20093F68F /* Modaler */ = {
			isa = PBXGroup;
			children = (
				954E1CD11FCF63D20093F68F /* Modaler.swift */,
			);
			path = Modaler;
			sourceTree = "<group>";
		};
		954E1CD21FCF63D20093F68F /* Poper */ = {
			isa = PBXGroup;
			children = (
				954E1CD31FCF63D20093F68F /* Poper.swift */,
			);
			path = Poper;
			sourceTree = "<group>";
		};
		954E1CD41FCF63D20093F68F /* Pusher */ = {
			isa = PBXGroup;
			children = (
				954E1CD51FCF63D20093F68F /* Pusher.swift */,
			);
			path = Pusher;
			sourceTree = "<group>";
		};
		9554F7581FD1F81600E996B0 /* Input */ = {
			isa = PBXGroup;
			children = (
				954E1C191FCF62650093F68F /* InputP🄲.swift */,
				9554F7541FD1F74400E996B0 /* InputData.swift */,
				957330D81FDF1652005AD56A /* InputActions.swift */,
			);
			name = Input;
			sourceTree = "<group>";
		};
		9554F7591FD1F82600E996B0 /* Output */ = {
			isa = PBXGroup;
			children = (
				954E1C1B1FCF62650093F68F /* OutputP🄲.swift */,
				9554F7561FD1F79400E996B0 /* OutputData.swift */,
				957330D61FDF15FC005AD56A /* OutputActions.swift */,
			);
			name = Output;
			sourceTree = "<group>";
		};
		957330D51FDF1567005AD56A /* Boards */ = {
			isa = PBXGroup;
			children = (
				958E519E1FD0941800D516E1 /* LaunchScreen.storyboard */,
				958E51A01FD0941800D516E1 /* Main.storyboard */,
			);
			name = Boards;
			sourceTree = "<group>";
		};
		957330DA1FDFDFF4005AD56A /* Abbreviations */ = {
			isa = PBXGroup;
			children = (
				954E1C021FCF62650093F68F /* ComponentsAbbreviations.plist */,
				957330DB1FDFE075005AD56A /* PattertnsAbbreviations.plist */,
				957330DD1FDFE0B3005AD56A /* ModulesAbbreviations.plist */,
				957330DF1FDFE63A005AD56A /* TemplatesAbbreviations.plist */,
			);
			name = Abbreviations;
			sourceTree = "<group>";
		};
		958E51761FD06BA900D516E1 /* Scene */ = {
			isa = PBXGroup;
			children = (
				958E51771FD06BB500D516E1 /* Scene.swift */,
			);
			path = Scene;
			sourceTree = "<group>";
		};
		958E51971FD093E300D516E1 /* Recources */ = {
			isa = PBXGroup;
			children = (
				957330D51FDF1567005AD56A /* Boards */,
				958E51A41FD0942400D516E1 /* Frameworks */,
				9503A2C71FBDB5A000A4DEE0 /* Products */,
				958E51981FD093E300D516E1 /* AppDelegate.swift */,
				958E51991FD093E300D516E1 /* Assets.xcassets */,
				958E519A1FD093E300D516E1 /* Info.plist */,
			);
			path = Recources;
			sourceTree = "<group>";
		};
		958E51A41FD0942400D516E1 /* Frameworks */ = {
			isa = PBXGroup;
			children = (
				958E51941FD0935700D516E1 /* XCTest.framework */,
				958E516B1FD06ACF00D516E1 /* SnapKit.framework */,
				958E517C1FD06E0300D516E1 /* RxTest.framework */,
				958E517B1FD06E0300D516E1 /* RxSwift.framework */,
				958E517A1FD06E0300D516E1 /* RxCocoa.framework */,
				958E51791FD06E0300D516E1 /* RxBlocking.framework */,
			);
			name = Frameworks;
			path = ../..;
			sourceTree = "<group>";
		};
/* End PBXGroup section */

/* Begin PBXNativeTarget section */
		9503A2C51FBDB5A000A4DEE0 /* AllarRouter */ = {
			isa = PBXNativeTarget;
			buildConfigurationList = 9503A2D81FBDB5A000A4DEE0 /* Build configuration list for PBXNativeTarget "AllarRouter" */;
			buildPhases = (
				9503A2C21FBDB5A000A4DEE0 /* Sources */,
				9503A2C31FBDB5A000A4DEE0 /* Frameworks */,
				9503A2C41FBDB5A000A4DEE0 /* Resources */,
				958E51721FD06ACF00D516E1 /* Embed Frameworks */,
			);
			buildRules = (
			);
			dependencies = (
			);
			name = AllarRouter;
			productName = AllarRouter;
			productReference = 9503A2C61FBDB5A000A4DEE0 /* AllarRouter.app */;
			productType = "com.apple.product-type.application";
		};
/* End PBXNativeTarget section */

/* Begin PBXProject section */
		9503A2BE1FBDB5A000A4DEE0 /* Project object */ = {
			isa = PBXProject;
			attributes = {
				LastSwiftUpdateCheck = 0830;
				LastUpgradeCheck = 0830;
				ORGANIZATIONNAME = "Allar-Alexey Alexandrovich";
				TargetAttributes = {
					9503A2C51FBDB5A000A4DEE0 = {
						CreatedOnToolsVersion = 8.3.3;
						DevelopmentTeam = 97R27VUDMH;
						LastSwiftMigration = 0830;
						ProvisioningStyle = Automatic;
					};
				};
			};
			buildConfigurationList = 9503A2C11FBDB5A000A4DEE0 /* Build configuration list for PBXProject "AllarRouter" */;
			compatibilityVersion = "Xcode 3.2";
			developmentRegion = English;
			hasScannedForEncodings = 0;
			knownRegions = (
				en,
				Base,
			);
			mainGroup = 9503A2BD1FBDB5A000A4DEE0;
			productRefGroup = 9503A2C71FBDB5A000A4DEE0 /* Products */;
			projectDirPath = "";
			projectRoot = "";
			targets = (
				9503A2C51FBDB5A000A4DEE0 /* AllarRouter */,
			);
		};
/* End PBXProject section */

/* Begin PBXResourcesBuildPhase section */
		9503A2C41FBDB5A000A4DEE0 /* Resources */ = {
			isa = PBXResourcesBuildPhase;
			buildActionMask = 2147483647;
			files = (
				954E1C781FCF62650093F68F /* Titles.plist in Resources */,
				957330DE1FDFE0B3005AD56A /* ModulesAbbreviations.plist in Resources */,
				957330E01FDFE63A005AD56A /* TemplatesAbbreviations.plist in Resources */,
				958E51A21FD0941800D516E1 /* LaunchScreen.storyboard in Resources */,
				954E1C791FCF62650093F68F /* ToolBarItems.plist in Resources */,
				954E1C761FCF62650093F68F /* SideBar.plist in Resources */,
				957330DC1FDFE075005AD56A /* PattertnsAbbreviations.plist in Resources */,
				954E1C771FCF62650093F68F /* TabBar.plist in Resources */,
				954E1C731FCF62650093F68F /* ComponentsAbbreviations.plist in Resources */,
				958E51A31FD0941800D516E1 /* Main.storyboard in Resources */,
				958E519C1FD093E300D516E1 /* Assets.xcassets in Resources */,
				958E519D1FD093E300D516E1 /* Info.plist in Resources */,
			);
			runOnlyForDeploymentPostprocessing = 0;
		};
/* End PBXResourcesBuildPhase section */

/* Begin PBXSourcesBuildPhase section */
		9503A2C21FBDB5A000A4DEE0 /* Sources */ = {
			isa = PBXSourcesBuildPhase;
			buildActionMask = 2147483647;
			files = (
				958E51741FD06B4900D516E1 /* Assembly🄼.swift in Sources */,
				9554F75E1FD1F97D00E996B0 /* FirstOD🄲.swift in Sources */,
				954E1CD91FCF63D20093F68F /* DBRouterP🄲.swift in Sources */,
				954E1C831FCF62650093F68F /* LogicalUnit.swift in Sources */,
				958E519B1FD093E300D516E1 /* AppDelegate.swift in Sources */,
				954E1CA41FCF62650093F68F /* NavigationBarVM.swift in Sources */,
				954E1C891FCF62650093F68F /* ThirdVC🄲.swift in Sources */,
				954E1C7A1FCF62650093F68F /* Local.swift in Sources */,
				954E1CE41FCF63D20093F68F /* NETRouterC🅃P🄲.swift in Sources */,
				958E51781FD06BB500D516E1 /* Scene.swift in Sources */,
				954E1C861FCF62650093F68F /* FirstVM🄲.swift in Sources */,
				954E1CEE1FCF63D20093F68F /* UIRouterC🅃P.swift in Sources */,
				954E1C881FCF62650093F68F /* SecondVM🄲.swift in Sources */,
				957330D21FDF1503005AD56A /* FirstOA🄲.swift in Sources */,
				954E1CE91FCF63D20093F68F /* UIRouterP🄲.swift in Sources */,
				954E1C7C1FCF62650093F68F /* To.swift in Sources */,
				954E1C811FCF62650093F68F /* RouterVMP🄲.swift in Sources */,
				954E1CED1FCF63D20093F68F /* UIRouterC🅃.swift in Sources */,
				954E1C841FCF62650093F68F /* OutputP🄲.swift in Sources */,
				954E1CA31FCF62650093F68F /* NavigationBarV.swift in Sources */,
				954E1CAA1FCF62650093F68F /* BaseItem.swift in Sources */,
				954E1C7F1FCF62650093F68F /* BaseVMP🄲.swift in Sources */,
				954E1CE81FCF63D20093F68F /* UIRouter.swift in Sources */,
				954E1C7B1FCF62650093F68F /* Request.swift in Sources */,
				954E1CA91FCF62650093F68F /* BaseCell.swift in Sources */,
				954E1CE51FCF63D20093F68F /* Updater.swift in Sources */,
				954E1CE31FCF63D20093F68F /* NETRouterC.swift in Sources */,
				954E1CDB1FCF63D20093F68F /* DBRouterC🅃.swift in Sources */,
				9554F7571FD1F79400E996B0 /* OutputData.swift in Sources */,
				954E1C801FCF62650093F68F /* RouterVM🄲.swift in Sources */,
				954E1CE01FCF63D20093F68F /* NETRouterP🄲.swift in Sources */,
				954E1CAB1FCF62650093F68F /* SNPKitWayP🄲.swift in Sources */,
				954E1CEA1FCF63D20093F68F /* Modaler.swift in Sources */,
				9554F76C1FD205BD00E996B0 /* String+SeparatedByUpperCase.swift in Sources */,
				957330D41FDF1515005AD56A /* FirstIA🄲.swift in Sources */,
				954E1CA81FCF62650093F68F /* TabBarVM.swift in Sources */,
				9554F7681FD1FE1300E996B0 /* SelectionerID🄲.swift in Sources */,
				954E1CDC1FCF63D20093F68F /* DBRouterC🅃P🄿.swift in Sources */,
				954E1CE71FCF63D20093F68F /* RoutersF🄿.swift in Sources */,
				954E1CEC1FCF63D20093F68F /* Pusher.swift in Sources */,
				954E1C751FCF62650093F68F /* Fonts.swift in Sources */,
				9554F76A1FD1FF0300E996B0 /* SelectionerOD🄲.swift in Sources */,
				957330D01FDF0530005AD56A /* UICreateP🄲.swift in Sources */,
				954E1C871FCF62650093F68F /* SecondVC🄲.swift in Sources */,
				954E1C8A1FCF62650093F68F /* ThirdVM🄲.swift in Sources */,
				954E1CA71FCF62650093F68F /* TabBarVC.swift in Sources */,
				954E1CD81FCF63D20093F68F /* DBRouter.swift in Sources */,
				9554F7661FD1FA3000E996B0 /* ThirdOD🄲.swift in Sources */,
				954E1C7E1FCF62650093F68F /* BaseVM🄲.swift in Sources */,
				954E1C7D1FCF62650093F68F /* BaseVC🄲.swift in Sources */,
				954E1CDF1FCF63D20093F68F /* NETRouter.swift in Sources */,
				954E1CA51FCF62650093F68F /* SideBarSVC.swift in Sources */,
				957330D71FDF15FC005AD56A /* OutputActions.swift in Sources */,
				9554F7601FD1F9D200E996B0 /* SecondID🄲.swift in Sources */,
				9554F7551FD1F74400E996B0 /* InputData.swift in Sources */,
				9554F7641FD1FA1700E996B0 /* ThirdID🄲.swift in Sources */,
				954E1CE21FCF63D20093F68F /* Getter.swift in Sources */,
				954E1CDE1FCF63D20093F68F /* Selectioner.swift in Sources */,
				954E1CE11FCF63D20093F68F /* Creator.swift in Sources */,
				9554F75B1FD1F93900E996B0 /* FirstID🄲.swift in Sources */,
				954E1CAC1FCF62650093F68F /* StoryboardWayP🄲.swift in Sources */,
				9554F7621FD1F9F200E996B0 /* SecondOD🄲.swift in Sources */,
				954E1CA61FCF62650093F68F /* SideBarVM.swift in Sources */,
				954E1C741FCF62650093F68F /* Colors.swift in Sources */,
				954E1C851FCF62650093F68F /* FirstVC🄲.swift in Sources */,
				954E1C821FCF62650093F68F /* InputP🄲.swift in Sources */,
				954E1CEB1FCF63D20093F68F /* Poper.swift in Sources */,
				954E1CE61FCF63D20093F68F /* RouterF🄿P🄲.swift in Sources */,
				958E51681FD0691C00D516E1 /* Deletor.swift in Sources */,
				954E1CDA1FCF63D20093F68F /* Сleaner.swift in Sources */,
				957330D91FDF1652005AD56A /* InputActions.swift in Sources */,
				954E1CDD1FCF63D20093F68F /* Saver.swift in Sources */,
			);
			runOnlyForDeploymentPostprocessing = 0;
		};
/* End PBXSourcesBuildPhase section */

/* Begin PBXVariantGroup section */
		958E519E1FD0941800D516E1 /* LaunchScreen.storyboard */ = {
			isa = PBXVariantGroup;
			children = (
				958E519F1FD0941800D516E1 /* Base */,
			);
			name = LaunchScreen.storyboard;
			sourceTree = "<group>";
		};
		958E51A01FD0941800D516E1 /* Main.storyboard */ = {
			isa = PBXVariantGroup;
			children = (
				958E51A11FD0941800D516E1 /* Base */,
			);
			name = Main.storyboard;
			sourceTree = "<group>";
		};
/* End PBXVariantGroup section */

/* Begin XCBuildConfiguration section */
		9503A2D61FBDB5A000A4DEE0 /* Debug */ = {
			isa = XCBuildConfiguration;
			buildSettings = {
				ALWAYS_SEARCH_USER_PATHS = NO;
				CLANG_ANALYZER_NONNULL = YES;
				CLANG_ANALYZER_NUMBER_OBJECT_CONVERSION = YES_AGGRESSIVE;
				CLANG_CXX_LANGUAGE_STANDARD = "gnu++0x";
				CLANG_CXX_LIBRARY = "libc++";
				CLANG_ENABLE_MODULES = YES;
				CLANG_ENABLE_OBJC_ARC = YES;
				CLANG_WARN_BOOL_CONVERSION = YES;
				CLANG_WARN_CONSTANT_CONVERSION = YES;
				CLANG_WARN_DIRECT_OBJC_ISA_USAGE = YES_ERROR;
				CLANG_WARN_DOCUMENTATION_COMMENTS = YES;
				CLANG_WARN_EMPTY_BODY = YES;
				CLANG_WARN_ENUM_CONVERSION = YES;
				CLANG_WARN_INFINITE_RECURSION = YES;
				CLANG_WARN_INT_CONVERSION = YES;
				CLANG_WARN_OBJC_ROOT_CLASS = YES_ERROR;
				CLANG_WARN_SUSPICIOUS_MOVE = YES;
				CLANG_WARN_UNREACHABLE_CODE = YES;
				CLANG_WARN__DUPLICATE_METHOD_MATCH = YES;
				"CODE_SIGN_IDENTITY[sdk=iphoneos*]" = "iPhone Developer";
				COPY_PHASE_STRIP = NO;
				DEBUG_INFORMATION_FORMAT = dwarf;
				ENABLE_STRICT_OBJC_MSGSEND = YES;
				ENABLE_TESTABILITY = YES;
				GCC_C_LANGUAGE_STANDARD = gnu99;
				GCC_DYNAMIC_NO_PIC = NO;
				GCC_NO_COMMON_BLOCKS = YES;
				GCC_OPTIMIZATION_LEVEL = 0;
				GCC_PREPROCESSOR_DEFINITIONS = (
					"DEBUG=1",
					"$(inherited)",
				);
				GCC_WARN_64_TO_32_BIT_CONVERSION = YES;
				GCC_WARN_ABOUT_RETURN_TYPE = YES_ERROR;
				GCC_WARN_UNDECLARED_SELECTOR = YES;
				GCC_WARN_UNINITIALIZED_AUTOS = YES_AGGRESSIVE;
				GCC_WARN_UNUSED_FUNCTION = YES;
				GCC_WARN_UNUSED_VARIABLE = YES;
				IPHONEOS_DEPLOYMENT_TARGET = 10.3;
				MTL_ENABLE_DEBUG_INFO = YES;
				ONLY_ACTIVE_ARCH = YES;
				SDKROOT = iphoneos;
				SWIFT_ACTIVE_COMPILATION_CONDITIONS = DEBUG;
				SWIFT_OPTIMIZATION_LEVEL = "-Onone";
				TARGETED_DEVICE_FAMILY = "1,2";
			};
			name = Debug;
		};
		9503A2D71FBDB5A000A4DEE0 /* Release */ = {
			isa = XCBuildConfiguration;
			buildSettings = {
				ALWAYS_SEARCH_USER_PATHS = NO;
				CLANG_ANALYZER_NONNULL = YES;
				CLANG_ANALYZER_NUMBER_OBJECT_CONVERSION = YES_AGGRESSIVE;
				CLANG_CXX_LANGUAGE_STANDARD = "gnu++0x";
				CLANG_CXX_LIBRARY = "libc++";
				CLANG_ENABLE_MODULES = YES;
				CLANG_ENABLE_OBJC_ARC = YES;
				CLANG_WARN_BOOL_CONVERSION = YES;
				CLANG_WARN_CONSTANT_CONVERSION = YES;
				CLANG_WARN_DIRECT_OBJC_ISA_USAGE = YES_ERROR;
				CLANG_WARN_DOCUMENTATION_COMMENTS = YES;
				CLANG_WARN_EMPTY_BODY = YES;
				CLANG_WARN_ENUM_CONVERSION = YES;
				CLANG_WARN_INFINITE_RECURSION = YES;
				CLANG_WARN_INT_CONVERSION = YES;
				CLANG_WARN_OBJC_ROOT_CLASS = YES_ERROR;
				CLANG_WARN_SUSPICIOUS_MOVE = YES;
				CLANG_WARN_UNREACHABLE_CODE = YES;
				CLANG_WARN__DUPLICATE_METHOD_MATCH = YES;
				"CODE_SIGN_IDENTITY[sdk=iphoneos*]" = "iPhone Developer";
				COPY_PHASE_STRIP = NO;
				DEBUG_INFORMATION_FORMAT = "dwarf-with-dsym";
				ENABLE_NS_ASSERTIONS = NO;
				ENABLE_STRICT_OBJC_MSGSEND = YES;
				GCC_C_LANGUAGE_STANDARD = gnu99;
				GCC_NO_COMMON_BLOCKS = YES;
				GCC_WARN_64_TO_32_BIT_CONVERSION = YES;
				GCC_WARN_ABOUT_RETURN_TYPE = YES_ERROR;
				GCC_WARN_UNDECLARED_SELECTOR = YES;
				GCC_WARN_UNINITIALIZED_AUTOS = YES_AGGRESSIVE;
				GCC_WARN_UNUSED_FUNCTION = YES;
				GCC_WARN_UNUSED_VARIABLE = YES;
				IPHONEOS_DEPLOYMENT_TARGET = 10.3;
				MTL_ENABLE_DEBUG_INFO = NO;
				SDKROOT = iphoneos;
				SWIFT_OPTIMIZATION_LEVEL = "-Owholemodule";
				TARGETED_DEVICE_FAMILY = "1,2";
				VALIDATE_PRODUCT = YES;
			};
			name = Release;
		};
		9503A2D91FBDB5A000A4DEE0 /* Debug */ = {
			isa = XCBuildConfiguration;
			buildSettings = {
				ASSETCATALOG_COMPILER_APPICON_NAME = AppIcon;
				DEVELOPMENT_TEAM = 97R27VUDMH;
				FRAMEWORK_SEARCH_PATHS = (
					"$(inherited)",
					"$(PROJECT_DIR)/Carthage/Build/iOS",
				);
				GCC_INCREASE_PRECOMPILED_HEADER_SHARING = NO;
				GCC_PRECOMPILE_PREFIX_HEADER = NO;
				GCC_PREFIX_HEADER = "";
				GCC_USE_STANDARD_INCLUDE_SEARCHING = YES;
				INFOPLIST_FILE = AllarRouter/Recources/Info.plist;
				LD_RUNPATH_SEARCH_PATHS = "$(inherited) @executable_path/Frameworks";
				PRODUCT_BUNDLE_IDENTIFIER = MAI.AllarRouter;
				PRODUCT_NAME = "$(TARGET_NAME)";
				SWIFT_INSTALL_OBJC_HEADER = YES;
				SWIFT_VERSION = 3.0;
			};
			name = Debug;
		};
		9503A2DA1FBDB5A000A4DEE0 /* Release */ = {
			isa = XCBuildConfiguration;
			buildSettings = {
				ASSETCATALOG_COMPILER_APPICON_NAME = AppIcon;
				DEVELOPMENT_TEAM = 97R27VUDMH;
				FRAMEWORK_SEARCH_PATHS = (
					"$(inherited)",
					"$(PROJECT_DIR)/Carthage/Build/iOS",
				);
				GCC_INCREASE_PRECOMPILED_HEADER_SHARING = NO;
				GCC_PRECOMPILE_PREFIX_HEADER = NO;
				GCC_PREFIX_HEADER = "";
				GCC_USE_STANDARD_INCLUDE_SEARCHING = YES;
				INFOPLIST_FILE = AllarRouter/Recources/Info.plist;
				LD_RUNPATH_SEARCH_PATHS = "$(inherited) @executable_path/Frameworks";
				PRODUCT_BUNDLE_IDENTIFIER = MAI.AllarRouter;
				PRODUCT_NAME = "$(TARGET_NAME)";
				SWIFT_INSTALL_OBJC_HEADER = YES;
				SWIFT_VERSION = 3.0;
			};
			name = Release;
		};
/* End XCBuildConfiguration section */

/* Begin XCConfigurationList section */
		9503A2C11FBDB5A000A4DEE0 /* Build configuration list for PBXProject "AllarRouter" */ = {
			isa = XCConfigurationList;
			buildConfigurations = (
				9503A2D61FBDB5A000A4DEE0 /* Debug */,
				9503A2D71FBDB5A000A4DEE0 /* Release */,
			);
			defaultConfigurationIsVisible = 0;
			defaultConfigurationName = Release;
		};
		9503A2D81FBDB5A000A4DEE0 /* Build configuration list for PBXNativeTarget "AllarRouter" */ = {
			isa = XCConfigurationList;
			buildConfigurations = (
				9503A2D91FBDB5A000A4DEE0 /* Debug */,
				9503A2DA1FBDB5A000A4DEE0 /* Release */,
			);
			defaultConfigurationIsVisible = 0;
			defaultConfigurationName = Release;
		};
/* End XCConfigurationList section */
	};
	rootObject = 9503A2BE1FBDB5A000A4DEE0 /* Project object */;
}
